
Microsoft Visual Studio Solution File, Format Version 12.00
# Visual Studio Version 17
VisualStudioVersion = 17.5.33516.290
MinimumVisualStudioVersion = 10.0.40219.1
Project("{9A19103F-16F7-4668-BE54-9A1E7A4F7556}") = "Customer.Service", "Customer.Service\Customer.Service.csproj", "{3DE61232-2A69-4837-B372-AC4F86FE3112}"
EndProject
Project("{9A19103F-16F7-4668-BE54-9A1E7A4F7556}") = "Customer.Service.Tests", "Customer.Service.Tests\Customer.Service.Tests.csproj", "{B072770B-47BE-4F8D-BB22-C912F9352F18}"
EndProject
Global
	GlobalSection(SolutionConfigurationPlatforms) = preSolution
		Debug|Any CPU = Debug|Any CPU
		Release|Any CPU = Release|Any CPU
	EndGlobalSection
	GlobalSection(ProjectConfigurationPlatforms) = postSolution
		{3DE61232-2A69-4837-B372-AC4F86FE3112}.Debug|Any CPU.ActiveCfg = Debug|Any CPU
		{3DE61232-2A69-4837-B372-AC4F86FE3112}.Debug|Any CPU.Build.0 = Debug|Any CPU
		{3DE61232-2A69-4837-B372-AC4F86FE3112}.Release|Any CPU.ActiveCfg = Release|Any CPU
		{3DE61232-2A69-4837-B372-AC4F86FE3112}.Release|Any CPU.Build.0 = Release|Any CPU
		{B072770B-47BE-4F8D-BB22-C912F9352F18}.Debug|Any CPU.ActiveCfg = Debug|Any CPU
		{B072770B-47BE-4F8D-BB22-C912F9352F18}.Debug|Any CPU.Build.0 = Debug|Any CPU
		{B072770B-47BE-4F8D-BB22-C912F9352F18}.Release|Any CPU.ActiveCfg = Release|Any CPU
		{B072770B-47BE-4F8D-BB22-C912F9352F18}.Release|Any CPU.Build.0 = Release|Any CPU
	EndGlobalSection
	GlobalSection(SolutionProperties) = preSolution
		HideSolutionNode = FALSE
	EndGlobalSection
	GlobalSection(ExtensibilityGlobals) = postSolution
		SolutionGuid = {509CD7CF-6602-4A27-A88C-8C8061FE16B8}
	EndGlobalSection
EndGlobal
